
Microsoft Visual Studio Solution File, Format Version 12.00
# Visual Studio Version 17
VisualStudioVersion = 17.14.36401.2 d17.14
MinimumVisualStudioVersion = 10.0.40219.1
Project("{FAE04EC0-301F-11D3-BF4B-00C04F79EFBC}") = "hospitalll", "hospitalll\hospitalll.csproj", "{64DF1126-9A9C-4880-BFCC-5169EB2F12EA}"
EndProject
Global
	GlobalSection(SolutionConfigurationPlatforms) = preSolution
		Debug|Any CPU = Debug|Any CPU
		Release|Any CPU = Release|Any CPU
	EndGlobalSection
	GlobalSection(ProjectConfigurationPlatforms) = postSolution
		{64DF1126-9A9C-4880-BFCC-5169EB2F12EA}.Debug|Any CPU.ActiveCfg = Debug|Any CPU
		{64DF1126-9A9C-4880-BFCC-5169EB2F12EA}.Debug|Any CPU.Build.0 = Debug|Any CPU
		{64DF1126-9A9C-4880-BFCC-5169EB2F12EA}.Release|Any CPU.ActiveCfg = Release|Any CPU
		{64DF1126-9A9C-4880-BFCC-5169EB2F12EA}.Release|Any CPU.Build.0 = Release|Any CPU
	EndGlobalSection
	GlobalSection(SolutionProperties) = preSolution
		HideSolutionNode = FALSE
	EndGlobalSection
	GlobalSection(ExtensibilityGlobals) = postSolution
		SolutionGuid = {A3A2517B-A8FF-4998-BE88-4FDFE7B0C6E7}
	EndGlobalSection
EndGlobal
